{
  "name": "promptsign-plugin",
  "version": "0.3.4",
  "lockfileVersion": 3,
  "requires": true,
  "packages": {
    "": {
      "name": "promptsign-plugin",
      "version": "0.3.4",
      "license": "Apache-2.0",
      "dependencies": {
        "@promptsign/verify": "0.3.2"
      },
      "engines": {
        "node": ">=18"
      }
    },
    "node_modules/@promptsign/verify": {
      "version": "0.3.2",
      "resolved": "https://registry.npmjs.org/@promptsign/verify/-/verify-0.3.2.tgz",
      "integrity": "sha512-w23Ukq8O+76cQtTM4bqEKNZN67xvInrDVpS/c+1DyqyyvBsgnPzETqKTNB7HfHmNITycSimjUbKq/T7JeNLW9w==",
      "license": "Apache-2.0",
      "engines": {
        "node": ">=16"
      },
      "optionalDependencies": {
        "@promptsign/verify-darwin-arm64": "0.3.2",
        "@promptsign/verify-darwin-x64": "0.3.2",
        "@promptsign/verify-linux-arm64-gnu": "0.3.2",
        "@promptsign/verify-linux-arm64-musl": "0.3.2",
        "@promptsign/verify-linux-x64-gnu": "0.3.2",
        "@promptsign/verify-linux-x64-musl": "0.3.2",
        "@promptsign/verify-win32-x64-msvc": "0.3.2"
      }
    },
    "node_modules/@promptsign/verify-darwin-arm64": {
      "version": "0.3.2",
      "resolved": "https://registry.npmjs.org/@promptsign/verify-darwin-arm64/-/verify-darwin-arm64-0.3.2.tgz",
      "integrity": "sha512-ZKYjwz8TiikUUrZd2IGhGCIzQweAdE4qbChI4hIuXtrKm6c8in2/TUF5fWW9H3MPu4AVNs7dVbGNdZ0NfO6+yQ==",
      "cpu": [
        "arm64"
      ],
      "license": "Apache-2.0",
      "optional": true,
      "os": [
        "darwin"
      ],
      "engines": {
        "node": ">=16"
      }
    },
    "node_modules/@promptsign/verify-darwin-x64": {
      "version": "0.3.2",
      "resolved": "https://registry.npmjs.org/@promptsign/verify-darwin-x64/-/verify-darwin-x64-0.3.2.tgz",
      "integrity": "sha512-CYxF9LxhZ68mAxP8FalcnocVGzc4AQe5DSHck9nMyN4ryk+n09W6a6O6NXlvwKTfSseyqiZ0h6Km3iR7DfHmuQ==",
      "cpu": [
        "x64"
      ],
      "license": "Apache-2.0",
      "optional": true,
      "os": [
        "darwin"
      ],
      "engines": {
        "node": ">=16"
      }
    },
    "node_modules/@promptsign/verify-linux-arm64-gnu": {
      "version": "0.3.2",
      "resolved": "https://registry.npmjs.org/@promptsign/verify-linux-arm64-gnu/-/verify-linux-arm64-gnu-0.3.2.tgz",
      "integrity": "sha512-m5My4y5HSLU8Dn+WFqUmmZzrW5qQRdbHAQ+EfJpE3qVQddlxAnFFx0gsgoPnx5u3dzTq5zjgmxvazKmmeur0SA==",
      "cpu": [
        "arm64"
      ],
      "libc": [
        "glibc"
      ],
      "license": "Apache-2.0",
      "optional": true,
      "os": [
        "linux"
      ],
      "engines": {
        "node": ">=16"
      }
    },
    "node_modules/@promptsign/verify-linux-arm64-musl": {
      "version": "0.3.2",
      "resolved": "https://registry.npmjs.org/@promptsign/verify-linux-arm64-musl/-/verify-linux-arm64-musl-0.3.2.tgz",
      "integrity": "sha512-CRjaPOQ47bAQSB+jf6fLgMyGils73k0RwXaziRzHwddjP+wMrLFbc7OV9XCtHalinuO/DYL6JZUfmy2SrZz16g==",
      "cpu": [
        "arm64"
      ],
      "libc": [
        "musl"
      ],
      "license": "Apache-2.0",
      "optional": true,
      "os": [
        "linux"
      ],
      "engines": {
        "node": ">=16"
      }
    },
    "node_modules/@promptsign/verify-linux-x64-gnu": {
      "version": "0.3.2",
      "resolved": "https://registry.npmjs.org/@promptsign/verify-linux-x64-gnu/-/verify-linux-x64-gnu-0.3.2.tgz",
      "integrity": "sha512-HEoStttvUe1OcEz/hUL0aelxF7i6leXY37GDURzUMiMDTGHnQwi0AVpkiGA0ey3jZzQ0SpObpJ/cQ2KrfOunpA==",
      "cpu": [
        "x64"
      ],
      "libc": [
        "glibc"
      ],
      "license": "Apache-2.0",
      "optional": true,
      "os": [
        "linux"
      ],
      "engines": {
        "node": ">=16"
      }
    },
    "node_modules/@promptsign/verify-linux-x64-musl": {
      "version": "0.3.2",
      "resolved": "https://registry.npmjs.org/@promptsign/verify-linux-x64-musl/-/verify-linux-x64-musl-0.3.2.tgz",
      "integrity": "sha512-hVbG5Mm9Tt9ZDWXGuSqORhiEohmUQdIXePo3UHaSXHOWXXpxlJtl0VYdc++wYXHxCaimSn0zzbm4Qbcczz9oTg==",
      "cpu": [
        "x64"
      ],
      "libc": [
        "musl"
      ],
      "license": "Apache-2.0",
      "optional": true,
      "os": [
        "linux"
      ],
      "engines": {
        "node": ">=16"
      }
    },
    "node_modules/@promptsign/verify-win32-x64-msvc": {
      "version": "0.3.2",
      "resolved": "https://registry.npmjs.org/@promptsign/verify-win32-x64-msvc/-/verify-win32-x64-msvc-0.3.2.tgz",
      "integrity": "sha512-TviioSae80lPwyUGgJsieF9EXaDdaXQYM9nrgG7u8fMO/r1cnq4uFvvRRYKIvy7Q2jG5aQJxsjgNUoimnjwIfg==",
      "cpu": [
        "x64"
      ],
      "license": "Apache-2.0",
      "optional": true,
      "os": [
        "win32"
      ],
      "engines": {
        "node": ">=16"
      }
    }
  }
}
