{
  "name": "promptsign-plugin",
  "version": "0.4.0",
  "lockfileVersion": 3,
  "requires": true,
  "packages": {
    "": {
      "name": "promptsign-plugin",
      "version": "0.4.0",
      "license": "Apache-2.0",
      "dependencies": {
        "@promptsign/verify": "0.4.0"
      },
      "engines": {
        "node": ">=18"
      }
    },
    "node_modules/@promptsign/verify": {
      "version": "0.4.0",
      "resolved": "https://registry.npmjs.org/@promptsign/verify/-/verify-0.4.0.tgz",
      "integrity": "sha512-FClmBUjfu3OErVrN60Bv+fmZLwdX39uTajLaiVBOyag/+Crg1UCLvHjNtsecN8TR+9+IfdkTel3aBJwqJ8vxPA==",
      "license": "Apache-2.0",
      "engines": {
        "node": ">=16"
      },
      "optionalDependencies": {
        "@promptsign/verify-darwin-arm64": "0.4.0",
        "@promptsign/verify-darwin-x64": "0.4.0",
        "@promptsign/verify-linux-arm64-gnu": "0.4.0",
        "@promptsign/verify-linux-arm64-musl": "0.4.0",
        "@promptsign/verify-linux-x64-gnu": "0.4.0",
        "@promptsign/verify-linux-x64-musl": "0.4.0",
        "@promptsign/verify-win32-x64-msvc": "0.4.0"
      }
    },
    "node_modules/@promptsign/verify-darwin-arm64": {
      "version": "0.4.0",
      "resolved": "https://registry.npmjs.org/@promptsign/verify-darwin-arm64/-/verify-darwin-arm64-0.4.0.tgz",
      "integrity": "sha512-6nNWs51DqfYkmHpDHUTNwAwqvKZj9HMZ9IlAGHd9e9hx2V3qwMoouvIwXEDggZqUxd01CszGoLXf9elkjbCj2Q==",
      "cpu": [
        "arm64"
      ],
      "license": "Apache-2.0",
      "optional": true,
      "os": [
        "darwin"
      ],
      "engines": {
        "node": ">=16"
      }
    },
    "node_modules/@promptsign/verify-darwin-x64": {
      "version": "0.4.0",
      "resolved": "https://registry.npmjs.org/@promptsign/verify-darwin-x64/-/verify-darwin-x64-0.4.0.tgz",
      "integrity": "sha512-Yc+aMEfDOsgvLdNrYUzZzBG2WaPXiAGyvK/FI9kwaHUouhsaHs6tgteVYcmD78NLbjQQHk30BVJIOIHwlnRvsA==",
      "cpu": [
        "x64"
      ],
      "license": "Apache-2.0",
      "optional": true,
      "os": [
        "darwin"
      ],
      "engines": {
        "node": ">=16"
      }
    },
    "node_modules/@promptsign/verify-linux-arm64-gnu": {
      "version": "0.4.0",
      "resolved": "https://registry.npmjs.org/@promptsign/verify-linux-arm64-gnu/-/verify-linux-arm64-gnu-0.4.0.tgz",
      "integrity": "sha512-PbF4aQMFEvJQXn5Mz24194od+bzFtt/UGgPhzzOM4Twil9xlT1nBbeXapUZlgZqn7GbCD0Ou1gkpsd41qLaL8A==",
      "cpu": [
        "arm64"
      ],
      "license": "Apache-2.0",
      "optional": true,
      "os": [
        "linux"
      ],
      "engines": {
        "node": ">=16"
      }
    },
    "node_modules/@promptsign/verify-linux-arm64-musl": {
      "version": "0.4.0",
      "resolved": "https://registry.npmjs.org/@promptsign/verify-linux-arm64-musl/-/verify-linux-arm64-musl-0.4.0.tgz",
      "integrity": "sha512-o5RuAteBAmw11OoPzqUJ9NQUrGbF9cvldcoqF0sxYJBWeBq9SbJ6Ra58dbGwnzs8SA8smJcbpLEXjSUIyXjzzw==",
      "cpu": [
        "arm64"
      ],
      "license": "Apache-2.0",
      "optional": true,
      "os": [
        "linux"
      ],
      "engines": {
        "node": ">=16"
      }
    },
    "node_modules/@promptsign/verify-linux-x64-gnu": {
      "version": "0.4.0",
      "resolved": "https://registry.npmjs.org/@promptsign/verify-linux-x64-gnu/-/verify-linux-x64-gnu-0.4.0.tgz",
      "integrity": "sha512-LvuIyMduU4AtS814Ey82gRBcbQWoGGWLu1/DIGtJZ5CXoZBXuLYS3JbvceGfnZu9uRYMTDEaxOqGg6bZTVxxeA==",
      "cpu": [
        "x64"
      ],
      "license": "Apache-2.0",
      "optional": true,
      "os": [
        "linux"
      ],
      "engines": {
        "node": ">=16"
      }
    },
    "node_modules/@promptsign/verify-linux-x64-musl": {
      "version": "0.4.0",
      "resolved": "https://registry.npmjs.org/@promptsign/verify-linux-x64-musl/-/verify-linux-x64-musl-0.4.0.tgz",
      "integrity": "sha512-L+dLVsSbmX04lDvE/DsoijIT8hxJUW33fyfXn29+XxHibcWHLO6Sp45p6loqb7R9T7flrcO5ISfai9TVkigXuw==",
      "cpu": [
        "x64"
      ],
      "license": "Apache-2.0",
      "optional": true,
      "os": [
        "linux"
      ],
      "engines": {
        "node": ">=16"
      }
    },
    "node_modules/@promptsign/verify-win32-x64-msvc": {
      "version": "0.4.0",
      "resolved": "https://registry.npmjs.org/@promptsign/verify-win32-x64-msvc/-/verify-win32-x64-msvc-0.4.0.tgz",
      "integrity": "sha512-d71n+IRPSdNcUMN3lVU3Ay8z4QsEGx2FnHO5KL7UTehZcncthumQjixcTvM+ibWvmTg+bVVVV6cECwjrYWNSdg==",
      "cpu": [
        "x64"
      ],
      "license": "Apache-2.0",
      "optional": true,
      "os": [
        "win32"
      ],
      "engines": {
        "node": ">=16"
      }
    }
  }
}
