{
  "name": "promptsign-plugin",
  "version": "0.3.3",
  "lockfileVersion": 3,
  "requires": true,
  "packages": {
    "": {
      "name": "promptsign-plugin",
      "version": "0.3.3",
      "license": "Apache-2.0",
      "dependencies": {
        "@promptsign/verify": "0.3.1"
      },
      "engines": {
        "node": ">=18"
      }
    },
    "node_modules/@promptsign/verify": {
      "version": "0.3.1",
      "resolved": "https://registry.npmjs.org/@promptsign/verify/-/verify-0.3.1.tgz",
      "integrity": "sha512-22924Z91Bi/dw4s4GHXqgAtGjIP6KKxtHB92IWAddOQ7ZQH9r0J9HGVKjfl+atYvfgta13mB/XBnTyo4NQTznA==",
      "license": "Apache-2.0",
      "engines": {
        "node": ">=16"
      },
      "optionalDependencies": {
        "@promptsign/verify-darwin-arm64": "0.3.1",
        "@promptsign/verify-darwin-x64": "0.3.1",
        "@promptsign/verify-linux-arm64-gnu": "0.3.1",
        "@promptsign/verify-linux-arm64-musl": "0.3.1",
        "@promptsign/verify-linux-x64-gnu": "0.3.1",
        "@promptsign/verify-linux-x64-musl": "0.3.1",
        "@promptsign/verify-win32-x64-msvc": "0.3.1"
      }
    },
    "node_modules/@promptsign/verify-darwin-arm64": {
      "version": "0.3.1",
      "resolved": "https://registry.npmjs.org/@promptsign/verify-darwin-arm64/-/verify-darwin-arm64-0.3.1.tgz",
      "integrity": "sha512-XPbRXNAFqZ56sDCZCyV7jBx2zQaZxlO3EFMfMqyuoOZJw9f5i2RUf6Ft6vSB2CLDTJzBEYgqie8VFIevlIjEwQ==",
      "cpu": [
        "arm64"
      ],
      "license": "Apache-2.0",
      "optional": true,
      "os": [
        "darwin"
      ],
      "engines": {
        "node": ">=16"
      }
    },
    "node_modules/@promptsign/verify-darwin-x64": {
      "version": "0.3.1",
      "resolved": "https://registry.npmjs.org/@promptsign/verify-darwin-x64/-/verify-darwin-x64-0.3.1.tgz",
      "integrity": "sha512-lkoqYHIhcO8RbC5aGRrcWJWIP0m8nDNvYkHyqaoOYZPIE8Sn+9wVA3iHLOKUyIFQTUjXWTg2dCfqggr1gZakvQ==",
      "cpu": [
        "x64"
      ],
      "license": "Apache-2.0",
      "optional": true,
      "os": [
        "darwin"
      ],
      "engines": {
        "node": ">=16"
      }
    },
    "node_modules/@promptsign/verify-linux-arm64-gnu": {
      "version": "0.3.1",
      "resolved": "https://registry.npmjs.org/@promptsign/verify-linux-arm64-gnu/-/verify-linux-arm64-gnu-0.3.1.tgz",
      "integrity": "sha512-iO002wpYhBD7vukqrHPZJZ1UIU+WNVFSl6P+H4SMaKkULLyaR67vySitwOFDKsULP/3ozw3YUTdpPtjeTR7Ggg==",
      "cpu": [
        "arm64"
      ],
      "libc": [
        "glibc"
      ],
      "license": "Apache-2.0",
      "optional": true,
      "os": [
        "linux"
      ],
      "engines": {
        "node": ">=16"
      }
    },
    "node_modules/@promptsign/verify-linux-arm64-musl": {
      "version": "0.3.1",
      "resolved": "https://registry.npmjs.org/@promptsign/verify-linux-arm64-musl/-/verify-linux-arm64-musl-0.3.1.tgz",
      "integrity": "sha512-bKILv9ec02+V4gCcQXeuH1B/Z45wYsEa2pyFmjxcptm8H9eSOc0Gm5kQ+1KBDZSqjMX1Wy1Ww0WqVCINW8kfng==",
      "cpu": [
        "arm64"
      ],
      "libc": [
        "musl"
      ],
      "license": "Apache-2.0",
      "optional": true,
      "os": [
        "linux"
      ],
      "engines": {
        "node": ">=16"
      }
    },
    "node_modules/@promptsign/verify-linux-x64-gnu": {
      "version": "0.3.1",
      "resolved": "https://registry.npmjs.org/@promptsign/verify-linux-x64-gnu/-/verify-linux-x64-gnu-0.3.1.tgz",
      "integrity": "sha512-4D8QYlZmL8fl3SMt7+0oTfZI55csJ3nI1yS61ADkmX5DhBrzXSyATs0TPQy9LXBj+PvJR69/xRHeRtJHJbPHzg==",
      "cpu": [
        "x64"
      ],
      "libc": [
        "glibc"
      ],
      "license": "Apache-2.0",
      "optional": true,
      "os": [
        "linux"
      ],
      "engines": {
        "node": ">=16"
      }
    },
    "node_modules/@promptsign/verify-linux-x64-musl": {
      "version": "0.3.1",
      "resolved": "https://registry.npmjs.org/@promptsign/verify-linux-x64-musl/-/verify-linux-x64-musl-0.3.1.tgz",
      "integrity": "sha512-32shw1zmXlNtfdcaBRmjBr/vfnWOo9CStrL50f0YG3dsfdUJjnyPfDEXZ78G1f6zdOAfB0nn5dDJgdAwDDPY5g==",
      "cpu": [
        "x64"
      ],
      "libc": [
        "musl"
      ],
      "license": "Apache-2.0",
      "optional": true,
      "os": [
        "linux"
      ],
      "engines": {
        "node": ">=16"
      }
    },
    "node_modules/@promptsign/verify-win32-x64-msvc": {
      "version": "0.3.1",
      "resolved": "https://registry.npmjs.org/@promptsign/verify-win32-x64-msvc/-/verify-win32-x64-msvc-0.3.1.tgz",
      "integrity": "sha512-UOGdD9o7uxyCRj9xxxaG+Z46lx/X36PN/kxyNSOd3RIHl1yq6jahB7TeKLByIoqvh70JfFOfb4W+OoC9SP81LQ==",
      "cpu": [
        "x64"
      ],
      "license": "Apache-2.0",
      "optional": true,
      "os": [
        "win32"
      ],
      "engines": {
        "node": ">=16"
      }
    }
  }
}
